
Microsoft Visual Studio Solution File, Format Version 12.00
# Visual Studio Version 16
VisualStudioVersion = 16.0.32106.194
MinimumVisualStudioVersion = 10.0.40219.1
Project("{FAE04EC0-301F-11D3-BF4B-00C04F79EFBC}") = "GestorUsuarios.Api", "GestorUsuarios.Api\GestorUsuarios.Api.csproj", "{EEF61F25-8FC2-4822-B460-ABFAD78A16E4}"
EndProject
Project("{FAE04EC0-301F-11D3-BF4B-00C04F79EFBC}") = "GestorUsuarios.Core", "GestionUsuarios.Core\GestorUsuarios.Core.csproj", "{C47E95AD-B5AF-4F33-9945-00855BE2EA7A}"
EndProject
Project("{FAE04EC0-301F-11D3-BF4B-00C04F79EFBC}") = "GestorUsuarios.Infraestructure", "GestorUsuarios.Infraestructure\GestorUsuarios.Infraestructure.csproj", "{6A6C32FB-0A08-4364-BDD9-4A52E9A401BC}"
EndProject
Project("{2150E333-8FDC-42A3-9474-1A3956D46DE8}") = "Test", "Test", "{3A95D445-D5CC-4747-BE27-905B74D88ED7}"
EndProject
Project("{FAE04EC0-301F-11D3-BF4B-00C04F79EFBC}") = "GestorUsuarios.UnitTest", "GestorUsuarios.UnitTest\GestorUsuarios.UnitTest.csproj", "{DF655350-CB0E-4490-86E2-3C7F0A1F8010}"
EndProject
Project("{FAE04EC0-301F-11D3-BF4B-00C04F79EFBC}") = "GestorUsuarios.IntegrationTests", "GestorUsuarios.IntegrationTests\GestorUsuarios.IntegrationTests.csproj", "{610838ED-3CB7-4938-9A0E-7CF9424165E7}"
EndProject
Global
	GlobalSection(SolutionConfigurationPlatforms) = preSolution
		Debug|Any CPU = Debug|Any CPU
		Release|Any CPU = Release|Any CPU
	EndGlobalSection
	GlobalSection(ProjectConfigurationPlatforms) = postSolution
		{EEF61F25-8FC2-4822-B460-ABFAD78A16E4}.Debug|Any CPU.ActiveCfg = Debug|Any CPU
		{EEF61F25-8FC2-4822-B460-ABFAD78A16E4}.Debug|Any CPU.Build.0 = Debug|Any CPU
		{EEF61F25-8FC2-4822-B460-ABFAD78A16E4}.Release|Any CPU.ActiveCfg = Release|Any CPU
		{EEF61F25-8FC2-4822-B460-ABFAD78A16E4}.Release|Any CPU.Build.0 = Release|Any CPU
		{C47E95AD-B5AF-4F33-9945-00855BE2EA7A}.Debug|Any CPU.ActiveCfg = Debug|Any CPU
		{C47E95AD-B5AF-4F33-9945-00855BE2EA7A}.Debug|Any CPU.Build.0 = Debug|Any CPU
		{C47E95AD-B5AF-4F33-9945-00855BE2EA7A}.Release|Any CPU.ActiveCfg = Release|Any CPU
		{C47E95AD-B5AF-4F33-9945-00855BE2EA7A}.Release|Any CPU.Build.0 = Release|Any CPU
		{6A6C32FB-0A08-4364-BDD9-4A52E9A401BC}.Debug|Any CPU.ActiveCfg = Debug|Any CPU
		{6A6C32FB-0A08-4364-BDD9-4A52E9A401BC}.Debug|Any CPU.Build.0 = Debug|Any CPU
		{6A6C32FB-0A08-4364-BDD9-4A52E9A401BC}.Release|Any CPU.ActiveCfg = Release|Any CPU
		{6A6C32FB-0A08-4364-BDD9-4A52E9A401BC}.Release|Any CPU.Build.0 = Release|Any CPU
		{DF655350-CB0E-4490-86E2-3C7F0A1F8010}.Debug|Any CPU.ActiveCfg = Debug|Any CPU
		{DF655350-CB0E-4490-86E2-3C7F0A1F8010}.Debug|Any CPU.Build.0 = Debug|Any CPU
		{DF655350-CB0E-4490-86E2-3C7F0A1F8010}.Release|Any CPU.ActiveCfg = Release|Any CPU
		{DF655350-CB0E-4490-86E2-3C7F0A1F8010}.Release|Any CPU.Build.0 = Release|Any CPU
		{610838ED-3CB7-4938-9A0E-7CF9424165E7}.Debug|Any CPU.ActiveCfg = Debug|Any CPU
		{610838ED-3CB7-4938-9A0E-7CF9424165E7}.Debug|Any CPU.Build.0 = Debug|Any CPU
		{610838ED-3CB7-4938-9A0E-7CF9424165E7}.Release|Any CPU.ActiveCfg = Release|Any CPU
		{610838ED-3CB7-4938-9A0E-7CF9424165E7}.Release|Any CPU.Build.0 = Release|Any CPU
	EndGlobalSection
	GlobalSection(SolutionProperties) = preSolution
		HideSolutionNode = FALSE
	EndGlobalSection
	GlobalSection(NestedProjects) = preSolution
		{DF655350-CB0E-4490-86E2-3C7F0A1F8010} = {3A95D445-D5CC-4747-BE27-905B74D88ED7}
		{610838ED-3CB7-4938-9A0E-7CF9424165E7} = {3A95D445-D5CC-4747-BE27-905B74D88ED7}
	EndGlobalSection
	GlobalSection(ExtensibilityGlobals) = postSolution
		SolutionGuid = {6A5960DF-F524-4944-8900-6755693F5FA8}
	EndGlobalSection
EndGlobal
